
Microsoft Visual Studio Solution File, Format Version 12.00
# Visual Studio Version 17
VisualStudioVersion = 17.5.33414.496
MinimumVisualStudioVersion = 10.0.40219.1
Project("{FAE04EC0-301F-11D3-BF4B-00C04F79EFBC}") = "SideProjectForNET6", "SideProjectForNET6\SideProjectForNET6.csproj", "{6B974331-5AA7-46CE-A917-E7CA8F9369ED}"
EndProject
Global
	GlobalSection(SolutionConfigurationPlatforms) = preSolution
		Debug|Any CPU = Debug|Any CPU
		Release|Any CPU = Release|Any CPU
	EndGlobalSection
	GlobalSection(ProjectConfigurationPlatforms) = postSolution
		{6B974331-5AA7-46CE-A917-E7CA8F9369ED}.Debug|Any CPU.ActiveCfg = Debug|Any CPU
		{6B974331-5AA7-46CE-A917-E7CA8F9369ED}.Debug|Any CPU.Build.0 = Debug|Any CPU
		{6B974331-5AA7-46CE-A917-E7CA8F9369ED}.Release|Any CPU.ActiveCfg = Release|Any CPU
		{6B974331-5AA7-46CE-A917-E7CA8F9369ED}.Release|Any CPU.Build.0 = Release|Any CPU
	EndGlobalSection
	GlobalSection(SolutionProperties) = preSolution
		HideSolutionNode = FALSE
	EndGlobalSection
	GlobalSection(ExtensibilityGlobals) = postSolution
		SolutionGuid = {0C8FD5A7-3F84-4552-8419-EF9C468CD630}
	EndGlobalSection
EndGlobal
